
Microsoft Visual Studio Solution File, Format Version 12.00
# Visual Studio Version 16
VisualStudioVersion = 16.0.30907.101
MinimumVisualStudioVersion = 10.0.40219.1
Project("{FAE04EC0-301F-11D3-BF4B-00C04F79EFBC}") = "NAKAKABOBO", "NAKAKABOBO\NAKAKABOBO.csproj", "{24F5C741-324B-4E97-95A7-71C7B2360D96}"
EndProject
Project("{54435603-DBB4-11D2-8724-00A0C9A8B90C}") = "Setup", "Setup\Setup.vdproj", "{F8D2FD66-4A1F-4A5B-A894-381B6F176A93}"
EndProject
Global
	GlobalSection(SolutionConfigurationPlatforms) = preSolution
		Debug|Any CPU = Debug|Any CPU
		Release|Any CPU = Release|Any CPU
	EndGlobalSection
	GlobalSection(ProjectConfigurationPlatforms) = postSolution
		{24F5C741-324B-4E97-95A7-71C7B2360D96}.Debug|Any CPU.ActiveCfg = Release|Any CPU
		{24F5C741-324B-4E97-95A7-71C7B2360D96}.Debug|Any CPU.Build.0 = Release|Any CPU
		{24F5C741-324B-4E97-95A7-71C7B2360D96}.Release|Any CPU.ActiveCfg = Release|Any CPU
		{24F5C741-324B-4E97-95A7-71C7B2360D96}.Release|Any CPU.Build.0 = Release|Any CPU
		{F8D2FD66-4A1F-4A5B-A894-381B6F176A93}.Debug|Any CPU.ActiveCfg = Debug
		{F8D2FD66-4A1F-4A5B-A894-381B6F176A93}.Release|Any CPU.ActiveCfg = Release
	EndGlobalSection
	GlobalSection(SolutionProperties) = preSolution
		HideSolutionNode = FALSE
	EndGlobalSection
	GlobalSection(ExtensibilityGlobals) = postSolution
		SolutionGuid = {3F7D167F-4FDA-47FD-86EA-7C6689730EFD}
	EndGlobalSection
EndGlobal
